
Microsoft Visual Studio Solution File, Format Version 12.00
# Visual Studio 15
VisualStudioVersion = 15.0.28307.852
MinimumVisualStudioVersion = 10.0.40219.1
Project("{FAE04EC0-301F-11D3-BF4B-00C04F79EFBC}") = "SweetControl_2.0", "SweetControl_2.0\SweetControl_2.0.csproj", "{091ADF16-A6A1-4584-B337-3BC8EBE68335}"
EndProject
Global
	GlobalSection(SolutionConfigurationPlatforms) = preSolution
		Debug|Any CPU = Debug|Any CPU
		Release|Any CPU = Release|Any CPU
	EndGlobalSection
	GlobalSection(ProjectConfigurationPlatforms) = postSolution
		{091ADF16-A6A1-4584-B337-3BC8EBE68335}.Debug|Any CPU.ActiveCfg = Debug|Any CPU
		{091ADF16-A6A1-4584-B337-3BC8EBE68335}.Debug|Any CPU.Build.0 = Debug|Any CPU
		{091ADF16-A6A1-4584-B337-3BC8EBE68335}.Release|Any CPU.ActiveCfg = Release|Any CPU
		{091ADF16-A6A1-4584-B337-3BC8EBE68335}.Release|Any CPU.Build.0 = Release|Any CPU
	EndGlobalSection
	GlobalSection(SolutionProperties) = preSolution
		HideSolutionNode = FALSE
	EndGlobalSection
	GlobalSection(ExtensibilityGlobals) = postSolution
		SolutionGuid = {557E4275-3BD7-47BA-AC0A-6073E78AFFBE}
	EndGlobalSection
EndGlobal
